
Microsoft Visual Studio Solution File, Format Version 12.00
# Visual Studio Version 17
VisualStudioVersion = 17.3.32929.385
MinimumVisualStudioVersion = 10.0.40219.1
Project("{8BC9CEB8-8B4A-11D0-8D11-00A0C91BC942}") = "Bai1", "Bai1\Bai1.vcxproj", "{F32AB613-E219-4E25-A19F-C2AD3662E4C8}"
EndProject
Project("{8BC9CEB8-8B4A-11D0-8D11-00A0C91BC942}") = "Bai2", "Bai2\Bai2.vcxproj", "{0590B2E5-C9A8-4881-8110-718CBECE7239}"
EndProject
Project("{8BC9CEB8-8B4A-11D0-8D11-00A0C91BC942}") = "Bai3", "Bai3\Bai3.vcxproj", "{F67E087A-0189-49AE-B99B-4B895D757504}"
EndProject
Project("{8BC9CEB8-8B4A-11D0-8D11-00A0C91BC942}") = "Bai4", "Bai4\Bai4.vcxproj", "{5F26C273-814A-456F-A27D-24C0E030F1AC}"
EndProject
Project("{8BC9CEB8-8B4A-11D0-8D11-00A0C91BC942}") = "Bai5", "Bai5\Bai5.vcxproj", "{ED86D40B-8346-4872-A6E5-B29ACCFE7ECB}"
EndProject
Project("{8BC9CEB8-8B4A-11D0-8D11-00A0C91BC942}") = "Bai6", "Bai6\Bai6.vcxproj", "{B696265B-5A50-4C6F-BDFA-6643D683F7B3}"
EndProject
Project("{8BC9CEB8-8B4A-11D0-8D11-00A0C91BC942}") = "Bai7", "Bai7\Bai7.vcxproj", "{4CA7537E-EF89-41CF-893E-A8723E10D23C}"
EndProject
Project("{8BC9CEB8-8B4A-11D0-8D11-00A0C91BC942}") = "Bai8", "Bai8\Bai8.vcxproj", "{C37325F3-499D-4154-A73E-012FCBCAB984}"
EndProject
Project("{8BC9CEB8-8B4A-11D0-8D11-00A0C91BC942}") = "Bai9", "Bai9\Bai9.vcxproj", "{8A2E2496-72AC-4FA9-8FC1-34F12D4D6217}"
EndProject
Project("{8BC9CEB8-8B4A-11D0-8D11-00A0C91BC942}") = "Bai10", "Bai10\Bai10.vcxproj", "{2200E361-73EE-4B1D-9E0E-B75493A5E37D}"
EndProject
Global
	GlobalSection(SolutionConfigurationPlatforms) = preSolution
		Debug|x64 = Debug|x64
		Debug|x86 = Debug|x86
		Release|x64 = Release|x64
		Release|x86 = Release|x86
	EndGlobalSection
	GlobalSection(ProjectConfigurationPlatforms) = postSolution
		{F32AB613-E219-4E25-A19F-C2AD3662E4C8}.Debug|x64.ActiveCfg = Debug|x64
		{F32AB613-E219-4E25-A19F-C2AD3662E4C8}.Debug|x64.Build.0 = Debug|x64
		{F32AB613-E219-4E25-A19F-C2AD3662E4C8}.Debug|x86.ActiveCfg = Debug|Win32
		{F32AB613-E219-4E25-A19F-C2AD3662E4C8}.Debug|x86.Build.0 = Debug|Win32
		{F32AB613-E219-4E25-A19F-C2AD3662E4C8}.Release|x64.ActiveCfg = Release|x64
		{F32AB613-E219-4E25-A19F-C2AD3662E4C8}.Release|x64.Build.0 = Release|x64
		{F32AB613-E219-4E25-A19F-C2AD3662E4C8}.Release|x86.ActiveCfg = Release|Win32
		{F32AB613-E219-4E25-A19F-C2AD3662E4C8}.Release|x86.Build.0 = Release|Win32
		{0590B2E5-C9A8-4881-8110-718CBECE7239}.Debug|x64.ActiveCfg = Debug|x64
		{0590B2E5-C9A8-4881-8110-718CBECE7239}.Debug|x64.Build.0 = Debug|x64
		{0590B2E5-C9A8-4881-8110-718CBECE7239}.Debug|x86.ActiveCfg = Debug|Win32
		{0590B2E5-C9A8-4881-8110-718CBECE7239}.Debug|x86.Build.0 = Debug|Win32
		{0590B2E5-C9A8-4881-8110-718CBECE7239}.Release|x64.ActiveCfg = Release|x64
		{0590B2E5-C9A8-4881-8110-718CBECE7239}.Release|x64.Build.0 = Release|x64
		{0590B2E5-C9A8-4881-8110-718CBECE7239}.Release|x86.ActiveCfg = Release|Win32
		{0590B2E5-C9A8-4881-8110-718CBECE7239}.Release|x86.Build.0 = Release|Win32
		{F67E087A-0189-49AE-B99B-4B895D757504}.Debug|x64.ActiveCfg = Debug|x64
		{F67E087A-0189-49AE-B99B-4B895D757504}.Debug|x64.Build.0 = Debug|x64
		{F67E087A-0189-49AE-B99B-4B895D757504}.Debug|x86.ActiveCfg = Debug|Win32
		{F67E087A-0189-49AE-B99B-4B895D757504}.Debug|x86.Build.0 = Debug|Win32
		{F67E087A-0189-49AE-B99B-4B895D757504}.Release|x64.ActiveCfg = Release|x64
		{F67E087A-0189-49AE-B99B-4B895D757504}.Release|x64.Build.0 = Release|x64
		{F67E087A-0189-49AE-B99B-4B895D757504}.Release|x86.ActiveCfg = Release|Win32
		{F67E087A-0189-49AE-B99B-4B895D757504}.Release|x86.Build.0 = Release|Win32
		{5F26C273-814A-456F-A27D-24C0E030F1AC}.Debug|x64.ActiveCfg = Debug|x64
		{5F26C273-814A-456F-A27D-24C0E030F1AC}.Debug|x64.Build.0 = Debug|x64
		{5F26C273-814A-456F-A27D-24C0E030F1AC}.Debug|x86.ActiveCfg = Debug|Win32
		{5F26C273-814A-456F-A27D-24C0E030F1AC}.Debug|x86.Build.0 = Debug|Win32
		{5F26C273-814A-456F-A27D-24C0E030F1AC}.Release|x64.ActiveCfg = Release|x64
		{5F26C273-814A-456F-A27D-24C0E030F1AC}.Release|x64.Build.0 = Release|x64
		{5F26C273-814A-456F-A27D-24C0E030F1AC}.Release|x86.ActiveCfg = Release|Win32
		{5F26C273-814A-456F-A27D-24C0E030F1AC}.Release|x86.Build.0 = Release|Win32
		{ED86D40B-8346-4872-A6E5-B29ACCFE7ECB}.Debug|x64.ActiveCfg = Debug|x64
		{ED86D40B-8346-4872-A6E5-B29ACCFE7ECB}.Debug|x64.Build.0 = Debug|x64
		{ED86D40B-8346-4872-A6E5-B29ACCFE7ECB}.Debug|x86.ActiveCfg = Debug|Win32
		{ED86D40B-8346-4872-A6E5-B29ACCFE7ECB}.Debug|x86.Build.0 = Debug|Win32
		{ED86D40B-8346-4872-A6E5-B29ACCFE7ECB}.Release|x64.ActiveCfg = Release|x64
		{ED86D40B-8346-4872-A6E5-B29ACCFE7ECB}.Release|x64.Build.0 = Release|x64
		{ED86D40B-8346-4872-A6E5-B29ACCFE7ECB}.Release|x86.ActiveCfg = Release|Win32
		{ED86D40B-8346-4872-A6E5-B29ACCFE7ECB}.Release|x86.Build.0 = Release|Win32
		{B696265B-5A50-4C6F-BDFA-6643D683F7B3}.Debug|x64.ActiveCfg = Debug|x64
		{B696265B-5A50-4C6F-BDFA-6643D683F7B3}.Debug|x64.Build.0 = Debug|x64
		{B696265B-5A50-4C6F-BDFA-6643D683F7B3}.Debug|x86.ActiveCfg = Debug|Win32
		{B696265B-5A50-4C6F-BDFA-6643D683F7B3}.Debug|x86.Build.0 = Debug|Win32
		{B696265B-5A50-4C6F-BDFA-6643D683F7B3}.Release|x64.ActiveCfg = Release|x64
		{B696265B-5A50-4C6F-BDFA-6643D683F7B3}.Release|x64.Build.0 = Release|x64
		{B696265B-5A50-4C6F-BDFA-6643D683F7B3}.Release|x86.ActiveCfg = Release|Win32
		{B696265B-5A50-4C6F-BDFA-6643D683F7B3}.Release|x86.Build.0 = Release|Win32
		{4CA7537E-EF89-41CF-893E-A8723E10D23C}.Debug|x64.ActiveCfg = Debug|x64
		{4CA7537E-EF89-41CF-893E-A8723E10D23C}.Debug|x64.Build.0 = Debug|x64
		{4CA7537E-EF89-41CF-893E-A8723E10D23C}.Debug|x86.ActiveCfg = Debug|Win32
		{4CA7537E-EF89-41CF-893E-A8723E10D23C}.Debug|x86.Build.0 = Debug|Win32
		{4CA7537E-EF89-41CF-893E-A8723E10D23C}.Release|x64.ActiveCfg = Release|x64
		{4CA7537E-EF89-41CF-893E-A8723E10D23C}.Release|x64.Build.0 = Release|x64
		{4CA7537E-EF89-41CF-893E-A8723E10D23C}.Release|x86.ActiveCfg = Release|Win32
		{4CA7537E-EF89-41CF-893E-A8723E10D23C}.Release|x86.Build.0 = Release|Win32
		{C37325F3-499D-4154-A73E-012FCBCAB984}.Debug|x64.ActiveCfg = Debug|x64
		{C37325F3-499D-4154-A73E-012FCBCAB984}.Debug|x64.Build.0 = Debug|x64
		{C37325F3-499D-4154-A73E-012FCBCAB984}.Debug|x86.ActiveCfg = Debug|Win32
		{C37325F3-499D-4154-A73E-012FCBCAB984}.Debug|x86.Build.0 = Debug|Win32
		{C37325F3-499D-4154-A73E-012FCBCAB984}.Release|x64.ActiveCfg = Release|x64
		{C37325F3-499D-4154-A73E-012FCBCAB984}.Release|x64.Build.0 = Release|x64
		{C37325F3-499D-4154-A73E-012FCBCAB984}.Release|x86.ActiveCfg = Release|Win32
		{C37325F3-499D-4154-A73E-012FCBCAB984}.Release|x86.Build.0 = Release|Win32
		{8A2E2496-72AC-4FA9-8FC1-34F12D4D6217}.Debug|x64.ActiveCfg = Debug|x64
		{8A2E2496-72AC-4FA9-8FC1-34F12D4D6217}.Debug|x64.Build.0 = Debug|x64
		{8A2E2496-72AC-4FA9-8FC1-34F12D4D6217}.Debug|x86.ActiveCfg = Debug|Win32
		{8A2E2496-72AC-4FA9-8FC1-34F12D4D6217}.Debug|x86.Build.0 = Debug|Win32
		{8A2E2496-72AC-4FA9-8FC1-34F12D4D6217}.Release|x64.ActiveCfg = Release|x64
		{8A2E2496-72AC-4FA9-8FC1-34F12D4D6217}.Release|x64.Build.0 = Release|x64
		{8A2E2496-72AC-4FA9-8FC1-34F12D4D6217}.Release|x86.ActiveCfg = Release|Win32
		{8A2E2496-72AC-4FA9-8FC1-34F12D4D6217}.Release|x86.Build.0 = Release|Win32
		{2200E361-73EE-4B1D-9E0E-B75493A5E37D}.Debug|x64.ActiveCfg = Debug|x64
		{2200E361-73EE-4B1D-9E0E-B75493A5E37D}.Debug|x64.Build.0 = Debug|x64
		{2200E361-73EE-4B1D-9E0E-B75493A5E37D}.Debug|x86.ActiveCfg = Debug|Win32
		{2200E361-73EE-4B1D-9E0E-B75493A5E37D}.Debug|x86.Build.0 = Debug|Win32
		{2200E361-73EE-4B1D-9E0E-B75493A5E37D}.Release|x64.ActiveCfg = Release|x64
		{2200E361-73EE-4B1D-9E0E-B75493A5E37D}.Release|x64.Build.0 = Release|x64
		{2200E361-73EE-4B1D-9E0E-B75493A5E37D}.Release|x86.ActiveCfg = Release|Win32
		{2200E361-73EE-4B1D-9E0E-B75493A5E37D}.Release|x86.Build.0 = Release|Win32
	EndGlobalSection
	GlobalSection(SolutionProperties) = preSolution
		HideSolutionNode = FALSE
	EndGlobalSection
	GlobalSection(ExtensibilityGlobals) = postSolution
		SolutionGuid = {865CD11B-35FA-4721-B7A3-7111BED83A7E}
	EndGlobalSection
EndGlobal
