
Microsoft Visual Studio Solution File, Format Version 12.00
# Visual Studio Version 17
VisualStudioVersion = 17.3.32929.385
MinimumVisualStudioVersion = 10.0.40219.1
Project("{8BC9CEB8-8B4A-11D0-8D11-00A0C91BC942}") = "Bai1", "BaiTapTuan1710\BaiTapTuan1710.vcxproj", "{247E87EA-4C4B-48F5-ACDB-A316D10650BC}"
EndProject
Project("{8BC9CEB8-8B4A-11D0-8D11-00A0C91BC942}") = "Bai2", "Bai2\Bai2.vcxproj", "{BF566EFA-1EE6-4B6F-BDB6-E658A867BFB6}"
EndProject
Project("{8BC9CEB8-8B4A-11D0-8D11-00A0C91BC942}") = "Bai3", "Bai3\Bai3.vcxproj", "{283F002B-1E6B-47AA-9030-AD5CE8F29AC3}"
EndProject
Project("{8BC9CEB8-8B4A-11D0-8D11-00A0C91BC942}") = "Bai4", "Bai4\Bai4.vcxproj", "{C77241A8-05AA-4AFE-B3D5-64ECDF95634D}"
EndProject
Project("{8BC9CEB8-8B4A-11D0-8D11-00A0C91BC942}") = "Bai5", "Bai5\Bai5.vcxproj", "{EE65480E-248C-4C19-8D6B-B32CDD4D406F}"
EndProject
Project("{8BC9CEB8-8B4A-11D0-8D11-00A0C91BC942}") = "Bai6", "Bai6\Bai6.vcxproj", "{C21D710F-3288-4294-846F-47E36272B1A8}"
EndProject
Project("{8BC9CEB8-8B4A-11D0-8D11-00A0C91BC942}") = "Bai7", "Bai7\Bai7.vcxproj", "{9C2F0E42-FD57-42DA-99C9-F8A1B239E708}"
EndProject
Project("{8BC9CEB8-8B4A-11D0-8D11-00A0C91BC942}") = "Bai8", "Bai8\Bai8.vcxproj", "{9298A96F-9719-4891-BD8E-76F70709A6BE}"
EndProject
Global
	GlobalSection(SolutionConfigurationPlatforms) = preSolution
		Debug|x64 = Debug|x64
		Debug|x86 = Debug|x86
		Release|x64 = Release|x64
		Release|x86 = Release|x86
	EndGlobalSection
	GlobalSection(ProjectConfigurationPlatforms) = postSolution
		{247E87EA-4C4B-48F5-ACDB-A316D10650BC}.Debug|x64.ActiveCfg = Debug|x64
		{247E87EA-4C4B-48F5-ACDB-A316D10650BC}.Debug|x64.Build.0 = Debug|x64
		{247E87EA-4C4B-48F5-ACDB-A316D10650BC}.Debug|x86.ActiveCfg = Debug|Win32
		{247E87EA-4C4B-48F5-ACDB-A316D10650BC}.Debug|x86.Build.0 = Debug|Win32
		{247E87EA-4C4B-48F5-ACDB-A316D10650BC}.Release|x64.ActiveCfg = Release|x64
		{247E87EA-4C4B-48F5-ACDB-A316D10650BC}.Release|x64.Build.0 = Release|x64
		{247E87EA-4C4B-48F5-ACDB-A316D10650BC}.Release|x86.ActiveCfg = Release|Win32
		{247E87EA-4C4B-48F5-ACDB-A316D10650BC}.Release|x86.Build.0 = Release|Win32
		{BF566EFA-1EE6-4B6F-BDB6-E658A867BFB6}.Debug|x64.ActiveCfg = Debug|x64
		{BF566EFA-1EE6-4B6F-BDB6-E658A867BFB6}.Debug|x64.Build.0 = Debug|x64
		{BF566EFA-1EE6-4B6F-BDB6-E658A867BFB6}.Debug|x86.ActiveCfg = Debug|Win32
		{BF566EFA-1EE6-4B6F-BDB6-E658A867BFB6}.Debug|x86.Build.0 = Debug|Win32
		{BF566EFA-1EE6-4B6F-BDB6-E658A867BFB6}.Release|x64.ActiveCfg = Release|x64
		{BF566EFA-1EE6-4B6F-BDB6-E658A867BFB6}.Release|x64.Build.0 = Release|x64
		{BF566EFA-1EE6-4B6F-BDB6-E658A867BFB6}.Release|x86.ActiveCfg = Release|Win32
		{BF566EFA-1EE6-4B6F-BDB6-E658A867BFB6}.Release|x86.Build.0 = Release|Win32
		{283F002B-1E6B-47AA-9030-AD5CE8F29AC3}.Debug|x64.ActiveCfg = Debug|x64
		{283F002B-1E6B-47AA-9030-AD5CE8F29AC3}.Debug|x64.Build.0 = Debug|x64
		{283F002B-1E6B-47AA-9030-AD5CE8F29AC3}.Debug|x86.ActiveCfg = Debug|Win32
		{283F002B-1E6B-47AA-9030-AD5CE8F29AC3}.Debug|x86.Build.0 = Debug|Win32
		{283F002B-1E6B-47AA-9030-AD5CE8F29AC3}.Release|x64.ActiveCfg = Release|x64
		{283F002B-1E6B-47AA-9030-AD5CE8F29AC3}.Release|x64.Build.0 = Release|x64
		{283F002B-1E6B-47AA-9030-AD5CE8F29AC3}.Release|x86.ActiveCfg = Release|Win32
		{283F002B-1E6B-47AA-9030-AD5CE8F29AC3}.Release|x86.Build.0 = Release|Win32
		{C77241A8-05AA-4AFE-B3D5-64ECDF95634D}.Debug|x64.ActiveCfg = Debug|x64
		{C77241A8-05AA-4AFE-B3D5-64ECDF95634D}.Debug|x64.Build.0 = Debug|x64
		{C77241A8-05AA-4AFE-B3D5-64ECDF95634D}.Debug|x86.ActiveCfg = Debug|Win32
		{C77241A8-05AA-4AFE-B3D5-64ECDF95634D}.Debug|x86.Build.0 = Debug|Win32
		{C77241A8-05AA-4AFE-B3D5-64ECDF95634D}.Release|x64.ActiveCfg = Release|x64
		{C77241A8-05AA-4AFE-B3D5-64ECDF95634D}.Release|x64.Build.0 = Release|x64
		{C77241A8-05AA-4AFE-B3D5-64ECDF95634D}.Release|x86.ActiveCfg = Release|Win32
		{C77241A8-05AA-4AFE-B3D5-64ECDF95634D}.Release|x86.Build.0 = Release|Win32
		{EE65480E-248C-4C19-8D6B-B32CDD4D406F}.Debug|x64.ActiveCfg = Debug|x64
		{EE65480E-248C-4C19-8D6B-B32CDD4D406F}.Debug|x64.Build.0 = Debug|x64
		{EE65480E-248C-4C19-8D6B-B32CDD4D406F}.Debug|x86.ActiveCfg = Debug|Win32
		{EE65480E-248C-4C19-8D6B-B32CDD4D406F}.Debug|x86.Build.0 = Debug|Win32
		{EE65480E-248C-4C19-8D6B-B32CDD4D406F}.Release|x64.ActiveCfg = Release|x64
		{EE65480E-248C-4C19-8D6B-B32CDD4D406F}.Release|x64.Build.0 = Release|x64
		{EE65480E-248C-4C19-8D6B-B32CDD4D406F}.Release|x86.ActiveCfg = Release|Win32
		{EE65480E-248C-4C19-8D6B-B32CDD4D406F}.Release|x86.Build.0 = Release|Win32
		{C21D710F-3288-4294-846F-47E36272B1A8}.Debug|x64.ActiveCfg = Debug|x64
		{C21D710F-3288-4294-846F-47E36272B1A8}.Debug|x64.Build.0 = Debug|x64
		{C21D710F-3288-4294-846F-47E36272B1A8}.Debug|x86.ActiveCfg = Debug|Win32
		{C21D710F-3288-4294-846F-47E36272B1A8}.Debug|x86.Build.0 = Debug|Win32
		{C21D710F-3288-4294-846F-47E36272B1A8}.Release|x64.ActiveCfg = Release|x64
		{C21D710F-3288-4294-846F-47E36272B1A8}.Release|x64.Build.0 = Release|x64
		{C21D710F-3288-4294-846F-47E36272B1A8}.Release|x86.ActiveCfg = Release|Win32
		{C21D710F-3288-4294-846F-47E36272B1A8}.Release|x86.Build.0 = Release|Win32
		{9C2F0E42-FD57-42DA-99C9-F8A1B239E708}.Debug|x64.ActiveCfg = Debug|x64
		{9C2F0E42-FD57-42DA-99C9-F8A1B239E708}.Debug|x64.Build.0 = Debug|x64
		{9C2F0E42-FD57-42DA-99C9-F8A1B239E708}.Debug|x86.ActiveCfg = Debug|Win32
		{9C2F0E42-FD57-42DA-99C9-F8A1B239E708}.Debug|x86.Build.0 = Debug|Win32
		{9C2F0E42-FD57-42DA-99C9-F8A1B239E708}.Release|x64.ActiveCfg = Release|x64
		{9C2F0E42-FD57-42DA-99C9-F8A1B239E708}.Release|x64.Build.0 = Release|x64
		{9C2F0E42-FD57-42DA-99C9-F8A1B239E708}.Release|x86.ActiveCfg = Release|Win32
		{9C2F0E42-FD57-42DA-99C9-F8A1B239E708}.Release|x86.Build.0 = Release|Win32
		{9298A96F-9719-4891-BD8E-76F70709A6BE}.Debug|x64.ActiveCfg = Debug|x64
		{9298A96F-9719-4891-BD8E-76F70709A6BE}.Debug|x64.Build.0 = Debug|x64
		{9298A96F-9719-4891-BD8E-76F70709A6BE}.Debug|x86.ActiveCfg = Debug|Win32
		{9298A96F-9719-4891-BD8E-76F70709A6BE}.Debug|x86.Build.0 = Debug|Win32
		{9298A96F-9719-4891-BD8E-76F70709A6BE}.Release|x64.ActiveCfg = Release|x64
		{9298A96F-9719-4891-BD8E-76F70709A6BE}.Release|x64.Build.0 = Release|x64
		{9298A96F-9719-4891-BD8E-76F70709A6BE}.Release|x86.ActiveCfg = Release|Win32
		{9298A96F-9719-4891-BD8E-76F70709A6BE}.Release|x86.Build.0 = Release|Win32
	EndGlobalSection
	GlobalSection(SolutionProperties) = preSolution
		HideSolutionNode = FALSE
	EndGlobalSection
	GlobalSection(ExtensibilityGlobals) = postSolution
		SolutionGuid = {B4906537-62AC-4A53-BE32-DF63BB3E2CC6}
	EndGlobalSection
EndGlobal
