
Microsoft Visual Studio Solution File, Format Version 12.00
# Visual Studio Version 17
VisualStudioVersion = 17.3.32929.385
MinimumVisualStudioVersion = 10.0.40219.1
Project("{8BC9CEB8-8B4A-11D0-8D11-00A0C91BC942}") = "Bai1", "Bai1\Bai1.vcxproj", "{BBD1B7F5-B405-4337-A93C-CBB69AB828FD}"
EndProject
Project("{8BC9CEB8-8B4A-11D0-8D11-00A0C91BC942}") = "Bai2", "Bai2\Bai2.vcxproj", "{B5E54340-4CF7-4708-B3D6-957AA76F4DC2}"
EndProject
Project("{8BC9CEB8-8B4A-11D0-8D11-00A0C91BC942}") = "Bai3", "Bai3\Bai3.vcxproj", "{A831710B-9FD7-4565-B1E2-BA61FC4D9825}"
EndProject
Project("{8BC9CEB8-8B4A-11D0-8D11-00A0C91BC942}") = "Bai4", "Bai4\Bai4.vcxproj", "{6F901C48-C49F-4923-AE71-386328344622}"
EndProject
Project("{8BC9CEB8-8B4A-11D0-8D11-00A0C91BC942}") = "Bai5", "Bai5\Bai5.vcxproj", "{88E7C985-4ADC-4984-9747-84720B28300F}"
EndProject
Project("{8BC9CEB8-8B4A-11D0-8D11-00A0C91BC942}") = "Bai6", "Bai6\Bai6.vcxproj", "{1393A540-7DAB-4641-9562-B94BB43A876C}"
EndProject
Project("{8BC9CEB8-8B4A-11D0-8D11-00A0C91BC942}") = "Bai7", "Bai7\Bai7.vcxproj", "{7FE4C9FD-4C8C-47CC-86AB-7498276507E3}"
EndProject
Project("{8BC9CEB8-8B4A-11D0-8D11-00A0C91BC942}") = "Bai8", "Bai8\Bai8.vcxproj", "{EB21BADF-A36B-4C4C-9758-6F6AA832383D}"
EndProject
Project("{8BC9CEB8-8B4A-11D0-8D11-00A0C91BC942}") = "Bai9", "Bai9\Bai9.vcxproj", "{CC7D736D-67C3-4F6F-ACAD-01B2CC5DE880}"
EndProject
Project("{8BC9CEB8-8B4A-11D0-8D11-00A0C91BC942}") = "Bai10(1)", "Bai10(1)\Bai10(1).vcxproj", "{5F35ED71-D4A9-401D-ACE2-2232D7C6F4F0}"
EndProject
Project("{8BC9CEB8-8B4A-11D0-8D11-00A0C91BC942}") = "Bai10(2)", "Bai10(2)\Bai10(2).vcxproj", "{B1330FED-DEB4-46D6-9522-B380CB4F4B8C}"
EndProject
Project("{8BC9CEB8-8B4A-11D0-8D11-00A0C91BC942}") = "Bai11", "Bai11\Bai11.vcxproj", "{227CD483-6D37-493D-B9D6-C7846F191682}"
EndProject
Project("{8BC9CEB8-8B4A-11D0-8D11-00A0C91BC942}") = "Bai12", "Bai12\Bai12.vcxproj", "{7A84E5CF-57B1-4047-B42C-66E6D5768569}"
EndProject
Project("{8BC9CEB8-8B4A-11D0-8D11-00A0C91BC942}") = "Bai13", "Bai13\Bai13.vcxproj", "{C76FAB06-8527-4A8E-8BA0-B2D8E1F0FAEA}"
EndProject
Global
	GlobalSection(SolutionConfigurationPlatforms) = preSolution
		Debug|x64 = Debug|x64
		Debug|x86 = Debug|x86
		Release|x64 = Release|x64
		Release|x86 = Release|x86
	EndGlobalSection
	GlobalSection(ProjectConfigurationPlatforms) = postSolution
		{BBD1B7F5-B405-4337-A93C-CBB69AB828FD}.Debug|x64.ActiveCfg = Debug|x64
		{BBD1B7F5-B405-4337-A93C-CBB69AB828FD}.Debug|x64.Build.0 = Debug|x64
		{BBD1B7F5-B405-4337-A93C-CBB69AB828FD}.Debug|x86.ActiveCfg = Debug|Win32
		{BBD1B7F5-B405-4337-A93C-CBB69AB828FD}.Debug|x86.Build.0 = Debug|Win32
		{BBD1B7F5-B405-4337-A93C-CBB69AB828FD}.Release|x64.ActiveCfg = Release|x64
		{BBD1B7F5-B405-4337-A93C-CBB69AB828FD}.Release|x64.Build.0 = Release|x64
		{BBD1B7F5-B405-4337-A93C-CBB69AB828FD}.Release|x86.ActiveCfg = Release|Win32
		{BBD1B7F5-B405-4337-A93C-CBB69AB828FD}.Release|x86.Build.0 = Release|Win32
		{B5E54340-4CF7-4708-B3D6-957AA76F4DC2}.Debug|x64.ActiveCfg = Debug|x64
		{B5E54340-4CF7-4708-B3D6-957AA76F4DC2}.Debug|x64.Build.0 = Debug|x64
		{B5E54340-4CF7-4708-B3D6-957AA76F4DC2}.Debug|x86.ActiveCfg = Debug|Win32
		{B5E54340-4CF7-4708-B3D6-957AA76F4DC2}.Debug|x86.Build.0 = Debug|Win32
		{B5E54340-4CF7-4708-B3D6-957AA76F4DC2}.Release|x64.ActiveCfg = Release|x64
		{B5E54340-4CF7-4708-B3D6-957AA76F4DC2}.Release|x64.Build.0 = Release|x64
		{B5E54340-4CF7-4708-B3D6-957AA76F4DC2}.Release|x86.ActiveCfg = Release|Win32
		{B5E54340-4CF7-4708-B3D6-957AA76F4DC2}.Release|x86.Build.0 = Release|Win32
		{A831710B-9FD7-4565-B1E2-BA61FC4D9825}.Debug|x64.ActiveCfg = Debug|x64
		{A831710B-9FD7-4565-B1E2-BA61FC4D9825}.Debug|x64.Build.0 = Debug|x64
		{A831710B-9FD7-4565-B1E2-BA61FC4D9825}.Debug|x86.ActiveCfg = Debug|Win32
		{A831710B-9FD7-4565-B1E2-BA61FC4D9825}.Debug|x86.Build.0 = Debug|Win32
		{A831710B-9FD7-4565-B1E2-BA61FC4D9825}.Release|x64.ActiveCfg = Release|x64
		{A831710B-9FD7-4565-B1E2-BA61FC4D9825}.Release|x64.Build.0 = Release|x64
		{A831710B-9FD7-4565-B1E2-BA61FC4D9825}.Release|x86.ActiveCfg = Release|Win32
		{A831710B-9FD7-4565-B1E2-BA61FC4D9825}.Release|x86.Build.0 = Release|Win32
		{6F901C48-C49F-4923-AE71-386328344622}.Debug|x64.ActiveCfg = Debug|x64
		{6F901C48-C49F-4923-AE71-386328344622}.Debug|x64.Build.0 = Debug|x64
		{6F901C48-C49F-4923-AE71-386328344622}.Debug|x86.ActiveCfg = Debug|Win32
		{6F901C48-C49F-4923-AE71-386328344622}.Debug|x86.Build.0 = Debug|Win32
		{6F901C48-C49F-4923-AE71-386328344622}.Release|x64.ActiveCfg = Release|x64
		{6F901C48-C49F-4923-AE71-386328344622}.Release|x64.Build.0 = Release|x64
		{6F901C48-C49F-4923-AE71-386328344622}.Release|x86.ActiveCfg = Release|Win32
		{6F901C48-C49F-4923-AE71-386328344622}.Release|x86.Build.0 = Release|Win32
		{88E7C985-4ADC-4984-9747-84720B28300F}.Debug|x64.ActiveCfg = Debug|x64
		{88E7C985-4ADC-4984-9747-84720B28300F}.Debug|x64.Build.0 = Debug|x64
		{88E7C985-4ADC-4984-9747-84720B28300F}.Debug|x86.ActiveCfg = Debug|Win32
		{88E7C985-4ADC-4984-9747-84720B28300F}.Debug|x86.Build.0 = Debug|Win32
		{88E7C985-4ADC-4984-9747-84720B28300F}.Release|x64.ActiveCfg = Release|x64
		{88E7C985-4ADC-4984-9747-84720B28300F}.Release|x64.Build.0 = Release|x64
		{88E7C985-4ADC-4984-9747-84720B28300F}.Release|x86.ActiveCfg = Release|Win32
		{88E7C985-4ADC-4984-9747-84720B28300F}.Release|x86.Build.0 = Release|Win32
		{1393A540-7DAB-4641-9562-B94BB43A876C}.Debug|x64.ActiveCfg = Debug|x64
		{1393A540-7DAB-4641-9562-B94BB43A876C}.Debug|x64.Build.0 = Debug|x64
		{1393A540-7DAB-4641-9562-B94BB43A876C}.Debug|x86.ActiveCfg = Debug|Win32
		{1393A540-7DAB-4641-9562-B94BB43A876C}.Debug|x86.Build.0 = Debug|Win32
		{1393A540-7DAB-4641-9562-B94BB43A876C}.Release|x64.ActiveCfg = Release|x64
		{1393A540-7DAB-4641-9562-B94BB43A876C}.Release|x64.Build.0 = Release|x64
		{1393A540-7DAB-4641-9562-B94BB43A876C}.Release|x86.ActiveCfg = Release|Win32
		{1393A540-7DAB-4641-9562-B94BB43A876C}.Release|x86.Build.0 = Release|Win32
		{7FE4C9FD-4C8C-47CC-86AB-7498276507E3}.Debug|x64.ActiveCfg = Debug|x64
		{7FE4C9FD-4C8C-47CC-86AB-7498276507E3}.Debug|x64.Build.0 = Debug|x64
		{7FE4C9FD-4C8C-47CC-86AB-7498276507E3}.Debug|x86.ActiveCfg = Debug|Win32
		{7FE4C9FD-4C8C-47CC-86AB-7498276507E3}.Debug|x86.Build.0 = Debug|Win32
		{7FE4C9FD-4C8C-47CC-86AB-7498276507E3}.Release|x64.ActiveCfg = Release|x64
		{7FE4C9FD-4C8C-47CC-86AB-7498276507E3}.Release|x64.Build.0 = Release|x64
		{7FE4C9FD-4C8C-47CC-86AB-7498276507E3}.Release|x86.ActiveCfg = Release|Win32
		{7FE4C9FD-4C8C-47CC-86AB-7498276507E3}.Release|x86.Build.0 = Release|Win32
		{EB21BADF-A36B-4C4C-9758-6F6AA832383D}.Debug|x64.ActiveCfg = Debug|x64
		{EB21BADF-A36B-4C4C-9758-6F6AA832383D}.Debug|x64.Build.0 = Debug|x64
		{EB21BADF-A36B-4C4C-9758-6F6AA832383D}.Debug|x86.ActiveCfg = Debug|Win32
		{EB21BADF-A36B-4C4C-9758-6F6AA832383D}.Debug|x86.Build.0 = Debug|Win32
		{EB21BADF-A36B-4C4C-9758-6F6AA832383D}.Release|x64.ActiveCfg = Release|x64
		{EB21BADF-A36B-4C4C-9758-6F6AA832383D}.Release|x64.Build.0 = Release|x64
		{EB21BADF-A36B-4C4C-9758-6F6AA832383D}.Release|x86.ActiveCfg = Release|Win32
		{EB21BADF-A36B-4C4C-9758-6F6AA832383D}.Release|x86.Build.0 = Release|Win32
		{CC7D736D-67C3-4F6F-ACAD-01B2CC5DE880}.Debug|x64.ActiveCfg = Debug|x64
		{CC7D736D-67C3-4F6F-ACAD-01B2CC5DE880}.Debug|x64.Build.0 = Debug|x64
		{CC7D736D-67C3-4F6F-ACAD-01B2CC5DE880}.Debug|x86.ActiveCfg = Debug|Win32
		{CC7D736D-67C3-4F6F-ACAD-01B2CC5DE880}.Debug|x86.Build.0 = Debug|Win32
		{CC7D736D-67C3-4F6F-ACAD-01B2CC5DE880}.Release|x64.ActiveCfg = Release|x64
		{CC7D736D-67C3-4F6F-ACAD-01B2CC5DE880}.Release|x64.Build.0 = Release|x64
		{CC7D736D-67C3-4F6F-ACAD-01B2CC5DE880}.Release|x86.ActiveCfg = Release|Win32
		{CC7D736D-67C3-4F6F-ACAD-01B2CC5DE880}.Release|x86.Build.0 = Release|Win32
		{5F35ED71-D4A9-401D-ACE2-2232D7C6F4F0}.Debug|x64.ActiveCfg = Debug|x64
		{5F35ED71-D4A9-401D-ACE2-2232D7C6F4F0}.Debug|x64.Build.0 = Debug|x64
		{5F35ED71-D4A9-401D-ACE2-2232D7C6F4F0}.Debug|x86.ActiveCfg = Debug|Win32
		{5F35ED71-D4A9-401D-ACE2-2232D7C6F4F0}.Debug|x86.Build.0 = Debug|Win32
		{5F35ED71-D4A9-401D-ACE2-2232D7C6F4F0}.Release|x64.ActiveCfg = Release|x64
		{5F35ED71-D4A9-401D-ACE2-2232D7C6F4F0}.Release|x64.Build.0 = Release|x64
		{5F35ED71-D4A9-401D-ACE2-2232D7C6F4F0}.Release|x86.ActiveCfg = Release|Win32
		{5F35ED71-D4A9-401D-ACE2-2232D7C6F4F0}.Release|x86.Build.0 = Release|Win32
		{B1330FED-DEB4-46D6-9522-B380CB4F4B8C}.Debug|x64.ActiveCfg = Debug|x64
		{B1330FED-DEB4-46D6-9522-B380CB4F4B8C}.Debug|x64.Build.0 = Debug|x64
		{B1330FED-DEB4-46D6-9522-B380CB4F4B8C}.Debug|x86.ActiveCfg = Debug|Win32
		{B1330FED-DEB4-46D6-9522-B380CB4F4B8C}.Debug|x86.Build.0 = Debug|Win32
		{B1330FED-DEB4-46D6-9522-B380CB4F4B8C}.Release|x64.ActiveCfg = Release|x64
		{B1330FED-DEB4-46D6-9522-B380CB4F4B8C}.Release|x64.Build.0 = Release|x64
		{B1330FED-DEB4-46D6-9522-B380CB4F4B8C}.Release|x86.ActiveCfg = Release|Win32
		{B1330FED-DEB4-46D6-9522-B380CB4F4B8C}.Release|x86.Build.0 = Release|Win32
		{227CD483-6D37-493D-B9D6-C7846F191682}.Debug|x64.ActiveCfg = Debug|x64
		{227CD483-6D37-493D-B9D6-C7846F191682}.Debug|x64.Build.0 = Debug|x64
		{227CD483-6D37-493D-B9D6-C7846F191682}.Debug|x86.ActiveCfg = Debug|Win32
		{227CD483-6D37-493D-B9D6-C7846F191682}.Debug|x86.Build.0 = Debug|Win32
		{227CD483-6D37-493D-B9D6-C7846F191682}.Release|x64.ActiveCfg = Release|x64
		{227CD483-6D37-493D-B9D6-C7846F191682}.Release|x64.Build.0 = Release|x64
		{227CD483-6D37-493D-B9D6-C7846F191682}.Release|x86.ActiveCfg = Release|Win32
		{227CD483-6D37-493D-B9D6-C7846F191682}.Release|x86.Build.0 = Release|Win32
		{7A84E5CF-57B1-4047-B42C-66E6D5768569}.Debug|x64.ActiveCfg = Debug|x64
		{7A84E5CF-57B1-4047-B42C-66E6D5768569}.Debug|x64.Build.0 = Debug|x64
		{7A84E5CF-57B1-4047-B42C-66E6D5768569}.Debug|x86.ActiveCfg = Debug|Win32
		{7A84E5CF-57B1-4047-B42C-66E6D5768569}.Debug|x86.Build.0 = Debug|Win32
		{7A84E5CF-57B1-4047-B42C-66E6D5768569}.Release|x64.ActiveCfg = Release|x64
		{7A84E5CF-57B1-4047-B42C-66E6D5768569}.Release|x64.Build.0 = Release|x64
		{7A84E5CF-57B1-4047-B42C-66E6D5768569}.Release|x86.ActiveCfg = Release|Win32
		{7A84E5CF-57B1-4047-B42C-66E6D5768569}.Release|x86.Build.0 = Release|Win32
		{C76FAB06-8527-4A8E-8BA0-B2D8E1F0FAEA}.Debug|x64.ActiveCfg = Debug|x64
		{C76FAB06-8527-4A8E-8BA0-B2D8E1F0FAEA}.Debug|x64.Build.0 = Debug|x64
		{C76FAB06-8527-4A8E-8BA0-B2D8E1F0FAEA}.Debug|x86.ActiveCfg = Debug|Win32
		{C76FAB06-8527-4A8E-8BA0-B2D8E1F0FAEA}.Debug|x86.Build.0 = Debug|Win32
		{C76FAB06-8527-4A8E-8BA0-B2D8E1F0FAEA}.Release|x64.ActiveCfg = Release|x64
		{C76FAB06-8527-4A8E-8BA0-B2D8E1F0FAEA}.Release|x64.Build.0 = Release|x64
		{C76FAB06-8527-4A8E-8BA0-B2D8E1F0FAEA}.Release|x86.ActiveCfg = Release|Win32
		{C76FAB06-8527-4A8E-8BA0-B2D8E1F0FAEA}.Release|x86.Build.0 = Release|Win32
	EndGlobalSection
	GlobalSection(SolutionProperties) = preSolution
		HideSolutionNode = FALSE
	EndGlobalSection
	GlobalSection(ExtensibilityGlobals) = postSolution
		SolutionGuid = {B24AD78F-54D0-4692-A921-E436583CD56C}
	EndGlobalSection
EndGlobal
