
Microsoft Visual Studio Solution File, Format Version 12.00
# Visual Studio Version 17
VisualStudioVersion = 17.3.32929.385
MinimumVisualStudioVersion = 10.0.40219.1
Project("{8BC9CEB8-8B4A-11D0-8D11-00A0C91BC942}") = "Bai1", "BaiTapTuan2410\BaiTapTuan2410.vcxproj", "{976B27DD-351C-4E3E-A809-83CAF905C5F3}"
EndProject
Project("{8BC9CEB8-8B4A-11D0-8D11-00A0C91BC942}") = "Bai2", "Bai2\Bai2.vcxproj", "{9CD71B72-2637-4113-88C2-5D2BE184DCFA}"
EndProject
Project("{8BC9CEB8-8B4A-11D0-8D11-00A0C91BC942}") = "Bai3", "Bai3\Bai3.vcxproj", "{D65B4717-CF8B-4C13-9C25-48FAA3B8D96B}"
EndProject
Project("{8BC9CEB8-8B4A-11D0-8D11-00A0C91BC942}") = "Bai4", "Bai4\Bai4.vcxproj", "{0CCCE343-4851-48B4-8328-0063076A89B1}"
EndProject
Project("{8BC9CEB8-8B4A-11D0-8D11-00A0C91BC942}") = "Bai5", "Bai5\Bai5.vcxproj", "{3BAA1DBA-571B-4F0B-A230-98A0895F243A}"
EndProject
Project("{8BC9CEB8-8B4A-11D0-8D11-00A0C91BC942}") = "Bai6", "Bai6\Bai6.vcxproj", "{5C2F164D-789E-4A80-825A-B7BB59418114}"
EndProject
Project("{8BC9CEB8-8B4A-11D0-8D11-00A0C91BC942}") = "Bai7", "Bai7\Bai7.vcxproj", "{D2AA7D50-8D36-40CF-A1B3-C72EFB2F80F8}"
EndProject
Project("{8BC9CEB8-8B4A-11D0-8D11-00A0C91BC942}") = "Bai8", "Bai8\Bai8.vcxproj", "{86CA6C6C-D984-4CE5-9B8C-57C66C2D073F}"
EndProject
Project("{8BC9CEB8-8B4A-11D0-8D11-00A0C91BC942}") = "Bai9", "Bai9\Bai9.vcxproj", "{06941369-DB67-441F-A400-5D80281E3904}"
EndProject
Project("{8BC9CEB8-8B4A-11D0-8D11-00A0C91BC942}") = "Bai10", "Bai10\Bai10.vcxproj", "{23976FAE-8539-47A8-B61E-68ED63A4939F}"
EndProject
Global
	GlobalSection(SolutionConfigurationPlatforms) = preSolution
		Debug|x64 = Debug|x64
		Debug|x86 = Debug|x86
		Release|x64 = Release|x64
		Release|x86 = Release|x86
	EndGlobalSection
	GlobalSection(ProjectConfigurationPlatforms) = postSolution
		{976B27DD-351C-4E3E-A809-83CAF905C5F3}.Debug|x64.ActiveCfg = Debug|x64
		{976B27DD-351C-4E3E-A809-83CAF905C5F3}.Debug|x64.Build.0 = Debug|x64
		{976B27DD-351C-4E3E-A809-83CAF905C5F3}.Debug|x86.ActiveCfg = Debug|Win32
		{976B27DD-351C-4E3E-A809-83CAF905C5F3}.Debug|x86.Build.0 = Debug|Win32
		{976B27DD-351C-4E3E-A809-83CAF905C5F3}.Release|x64.ActiveCfg = Release|x64
		{976B27DD-351C-4E3E-A809-83CAF905C5F3}.Release|x64.Build.0 = Release|x64
		{976B27DD-351C-4E3E-A809-83CAF905C5F3}.Release|x86.ActiveCfg = Release|Win32
		{976B27DD-351C-4E3E-A809-83CAF905C5F3}.Release|x86.Build.0 = Release|Win32
		{9CD71B72-2637-4113-88C2-5D2BE184DCFA}.Debug|x64.ActiveCfg = Debug|x64
		{9CD71B72-2637-4113-88C2-5D2BE184DCFA}.Debug|x64.Build.0 = Debug|x64
		{9CD71B72-2637-4113-88C2-5D2BE184DCFA}.Debug|x86.ActiveCfg = Debug|Win32
		{9CD71B72-2637-4113-88C2-5D2BE184DCFA}.Debug|x86.Build.0 = Debug|Win32
		{9CD71B72-2637-4113-88C2-5D2BE184DCFA}.Release|x64.ActiveCfg = Release|x64
		{9CD71B72-2637-4113-88C2-5D2BE184DCFA}.Release|x64.Build.0 = Release|x64
		{9CD71B72-2637-4113-88C2-5D2BE184DCFA}.Release|x86.ActiveCfg = Release|Win32
		{9CD71B72-2637-4113-88C2-5D2BE184DCFA}.Release|x86.Build.0 = Release|Win32
		{D65B4717-CF8B-4C13-9C25-48FAA3B8D96B}.Debug|x64.ActiveCfg = Debug|x64
		{D65B4717-CF8B-4C13-9C25-48FAA3B8D96B}.Debug|x64.Build.0 = Debug|x64
		{D65B4717-CF8B-4C13-9C25-48FAA3B8D96B}.Debug|x86.ActiveCfg = Debug|Win32
		{D65B4717-CF8B-4C13-9C25-48FAA3B8D96B}.Debug|x86.Build.0 = Debug|Win32
		{D65B4717-CF8B-4C13-9C25-48FAA3B8D96B}.Release|x64.ActiveCfg = Release|x64
		{D65B4717-CF8B-4C13-9C25-48FAA3B8D96B}.Release|x64.Build.0 = Release|x64
		{D65B4717-CF8B-4C13-9C25-48FAA3B8D96B}.Release|x86.ActiveCfg = Release|Win32
		{D65B4717-CF8B-4C13-9C25-48FAA3B8D96B}.Release|x86.Build.0 = Release|Win32
		{0CCCE343-4851-48B4-8328-0063076A89B1}.Debug|x64.ActiveCfg = Debug|x64
		{0CCCE343-4851-48B4-8328-0063076A89B1}.Debug|x64.Build.0 = Debug|x64
		{0CCCE343-4851-48B4-8328-0063076A89B1}.Debug|x86.ActiveCfg = Debug|Win32
		{0CCCE343-4851-48B4-8328-0063076A89B1}.Debug|x86.Build.0 = Debug|Win32
		{0CCCE343-4851-48B4-8328-0063076A89B1}.Release|x64.ActiveCfg = Release|x64
		{0CCCE343-4851-48B4-8328-0063076A89B1}.Release|x64.Build.0 = Release|x64
		{0CCCE343-4851-48B4-8328-0063076A89B1}.Release|x86.ActiveCfg = Release|Win32
		{0CCCE343-4851-48B4-8328-0063076A89B1}.Release|x86.Build.0 = Release|Win32
		{3BAA1DBA-571B-4F0B-A230-98A0895F243A}.Debug|x64.ActiveCfg = Debug|x64
		{3BAA1DBA-571B-4F0B-A230-98A0895F243A}.Debug|x64.Build.0 = Debug|x64
		{3BAA1DBA-571B-4F0B-A230-98A0895F243A}.Debug|x86.ActiveCfg = Debug|Win32
		{3BAA1DBA-571B-4F0B-A230-98A0895F243A}.Debug|x86.Build.0 = Debug|Win32
		{3BAA1DBA-571B-4F0B-A230-98A0895F243A}.Release|x64.ActiveCfg = Release|x64
		{3BAA1DBA-571B-4F0B-A230-98A0895F243A}.Release|x64.Build.0 = Release|x64
		{3BAA1DBA-571B-4F0B-A230-98A0895F243A}.Release|x86.ActiveCfg = Release|Win32
		{3BAA1DBA-571B-4F0B-A230-98A0895F243A}.Release|x86.Build.0 = Release|Win32
		{5C2F164D-789E-4A80-825A-B7BB59418114}.Debug|x64.ActiveCfg = Debug|x64
		{5C2F164D-789E-4A80-825A-B7BB59418114}.Debug|x64.Build.0 = Debug|x64
		{5C2F164D-789E-4A80-825A-B7BB59418114}.Debug|x86.ActiveCfg = Debug|Win32
		{5C2F164D-789E-4A80-825A-B7BB59418114}.Debug|x86.Build.0 = Debug|Win32
		{5C2F164D-789E-4A80-825A-B7BB59418114}.Release|x64.ActiveCfg = Release|x64
		{5C2F164D-789E-4A80-825A-B7BB59418114}.Release|x64.Build.0 = Release|x64
		{5C2F164D-789E-4A80-825A-B7BB59418114}.Release|x86.ActiveCfg = Release|Win32
		{5C2F164D-789E-4A80-825A-B7BB59418114}.Release|x86.Build.0 = Release|Win32
		{D2AA7D50-8D36-40CF-A1B3-C72EFB2F80F8}.Debug|x64.ActiveCfg = Debug|x64
		{D2AA7D50-8D36-40CF-A1B3-C72EFB2F80F8}.Debug|x64.Build.0 = Debug|x64
		{D2AA7D50-8D36-40CF-A1B3-C72EFB2F80F8}.Debug|x86.ActiveCfg = Debug|Win32
		{D2AA7D50-8D36-40CF-A1B3-C72EFB2F80F8}.Debug|x86.Build.0 = Debug|Win32
		{D2AA7D50-8D36-40CF-A1B3-C72EFB2F80F8}.Release|x64.ActiveCfg = Release|x64
		{D2AA7D50-8D36-40CF-A1B3-C72EFB2F80F8}.Release|x64.Build.0 = Release|x64
		{D2AA7D50-8D36-40CF-A1B3-C72EFB2F80F8}.Release|x86.ActiveCfg = Release|Win32
		{D2AA7D50-8D36-40CF-A1B3-C72EFB2F80F8}.Release|x86.Build.0 = Release|Win32
		{86CA6C6C-D984-4CE5-9B8C-57C66C2D073F}.Debug|x64.ActiveCfg = Debug|x64
		{86CA6C6C-D984-4CE5-9B8C-57C66C2D073F}.Debug|x64.Build.0 = Debug|x64
		{86CA6C6C-D984-4CE5-9B8C-57C66C2D073F}.Debug|x86.ActiveCfg = Debug|Win32
		{86CA6C6C-D984-4CE5-9B8C-57C66C2D073F}.Debug|x86.Build.0 = Debug|Win32
		{86CA6C6C-D984-4CE5-9B8C-57C66C2D073F}.Release|x64.ActiveCfg = Release|x64
		{86CA6C6C-D984-4CE5-9B8C-57C66C2D073F}.Release|x64.Build.0 = Release|x64
		{86CA6C6C-D984-4CE5-9B8C-57C66C2D073F}.Release|x86.ActiveCfg = Release|Win32
		{86CA6C6C-D984-4CE5-9B8C-57C66C2D073F}.Release|x86.Build.0 = Release|Win32
		{06941369-DB67-441F-A400-5D80281E3904}.Debug|x64.ActiveCfg = Debug|x64
		{06941369-DB67-441F-A400-5D80281E3904}.Debug|x64.Build.0 = Debug|x64
		{06941369-DB67-441F-A400-5D80281E3904}.Debug|x86.ActiveCfg = Debug|Win32
		{06941369-DB67-441F-A400-5D80281E3904}.Debug|x86.Build.0 = Debug|Win32
		{06941369-DB67-441F-A400-5D80281E3904}.Release|x64.ActiveCfg = Release|x64
		{06941369-DB67-441F-A400-5D80281E3904}.Release|x64.Build.0 = Release|x64
		{06941369-DB67-441F-A400-5D80281E3904}.Release|x86.ActiveCfg = Release|Win32
		{06941369-DB67-441F-A400-5D80281E3904}.Release|x86.Build.0 = Release|Win32
		{23976FAE-8539-47A8-B61E-68ED63A4939F}.Debug|x64.ActiveCfg = Debug|x64
		{23976FAE-8539-47A8-B61E-68ED63A4939F}.Debug|x64.Build.0 = Debug|x64
		{23976FAE-8539-47A8-B61E-68ED63A4939F}.Debug|x86.ActiveCfg = Debug|Win32
		{23976FAE-8539-47A8-B61E-68ED63A4939F}.Debug|x86.Build.0 = Debug|Win32
		{23976FAE-8539-47A8-B61E-68ED63A4939F}.Release|x64.ActiveCfg = Release|x64
		{23976FAE-8539-47A8-B61E-68ED63A4939F}.Release|x64.Build.0 = Release|x64
		{23976FAE-8539-47A8-B61E-68ED63A4939F}.Release|x86.ActiveCfg = Release|Win32
		{23976FAE-8539-47A8-B61E-68ED63A4939F}.Release|x86.Build.0 = Release|Win32
	EndGlobalSection
	GlobalSection(SolutionProperties) = preSolution
		HideSolutionNode = FALSE
	EndGlobalSection
	GlobalSection(ExtensibilityGlobals) = postSolution
		SolutionGuid = {8AA84724-74D0-430C-BA8E-0B94A084AAE2}
	EndGlobalSection
EndGlobal
