
Microsoft Visual Studio Solution File, Format Version 12.00
# Visual Studio Version 17
VisualStudioVersion = 17.3.32929.385
MinimumVisualStudioVersion = 10.0.40219.1
Project("{8BC9CEB8-8B4A-11D0-8D11-00A0C91BC942}") = "Bai1", "Bai1\Bai1.vcxproj", "{4B75FE23-030E-45C4-88BC-59A75F6A69B0}"
EndProject
Project("{8BC9CEB8-8B4A-11D0-8D11-00A0C91BC942}") = "Bai2", "Bai2\Bai2.vcxproj", "{E8257964-1369-4D54-9346-B1A757170473}"
EndProject
Project("{8BC9CEB8-8B4A-11D0-8D11-00A0C91BC942}") = "Bai3", "Bai3\Bai3.vcxproj", "{4249FBF8-96F5-41B3-89D9-82EB02245DDC}"
EndProject
Project("{8BC9CEB8-8B4A-11D0-8D11-00A0C91BC942}") = "Bai4", "Bai4\Bai4.vcxproj", "{8907EEF9-5B41-4B23-AC68-2A45920D7C47}"
EndProject
Project("{8BC9CEB8-8B4A-11D0-8D11-00A0C91BC942}") = "Bai5", "Bai5\Bai5.vcxproj", "{99146944-8DDB-457B-9420-5F429D3E1C23}"
EndProject
Project("{8BC9CEB8-8B4A-11D0-8D11-00A0C91BC942}") = "Bai6", "Bai6\Bai6.vcxproj", "{A4E119B8-E630-4D33-8C1D-693B405FFCCE}"
EndProject
Project("{8BC9CEB8-8B4A-11D0-8D11-00A0C91BC942}") = "Bai7", "Bai7\Bai7.vcxproj", "{575171CD-9662-406C-B52F-F83E84767522}"
EndProject
Project("{8BC9CEB8-8B4A-11D0-8D11-00A0C91BC942}") = "Bai8", "Bai8\Bai8.vcxproj", "{46613188-74F1-4A7F-937E-095D299FAE68}"
EndProject
Project("{8BC9CEB8-8B4A-11D0-8D11-00A0C91BC942}") = "Bai9", "Bai9\Bai9.vcxproj", "{9CE81F5B-4577-486C-B0D2-B1F5FEC617B5}"
EndProject
Global
	GlobalSection(SolutionConfigurationPlatforms) = preSolution
		Debug|x64 = Debug|x64
		Debug|x86 = Debug|x86
		Release|x64 = Release|x64
		Release|x86 = Release|x86
	EndGlobalSection
	GlobalSection(ProjectConfigurationPlatforms) = postSolution
		{4B75FE23-030E-45C4-88BC-59A75F6A69B0}.Debug|x64.ActiveCfg = Debug|x64
		{4B75FE23-030E-45C4-88BC-59A75F6A69B0}.Debug|x64.Build.0 = Debug|x64
		{4B75FE23-030E-45C4-88BC-59A75F6A69B0}.Debug|x86.ActiveCfg = Debug|Win32
		{4B75FE23-030E-45C4-88BC-59A75F6A69B0}.Debug|x86.Build.0 = Debug|Win32
		{4B75FE23-030E-45C4-88BC-59A75F6A69B0}.Release|x64.ActiveCfg = Release|x64
		{4B75FE23-030E-45C4-88BC-59A75F6A69B0}.Release|x64.Build.0 = Release|x64
		{4B75FE23-030E-45C4-88BC-59A75F6A69B0}.Release|x86.ActiveCfg = Release|Win32
		{4B75FE23-030E-45C4-88BC-59A75F6A69B0}.Release|x86.Build.0 = Release|Win32
		{E8257964-1369-4D54-9346-B1A757170473}.Debug|x64.ActiveCfg = Debug|x64
		{E8257964-1369-4D54-9346-B1A757170473}.Debug|x64.Build.0 = Debug|x64
		{E8257964-1369-4D54-9346-B1A757170473}.Debug|x86.ActiveCfg = Debug|Win32
		{E8257964-1369-4D54-9346-B1A757170473}.Debug|x86.Build.0 = Debug|Win32
		{E8257964-1369-4D54-9346-B1A757170473}.Release|x64.ActiveCfg = Release|x64
		{E8257964-1369-4D54-9346-B1A757170473}.Release|x64.Build.0 = Release|x64
		{E8257964-1369-4D54-9346-B1A757170473}.Release|x86.ActiveCfg = Release|Win32
		{E8257964-1369-4D54-9346-B1A757170473}.Release|x86.Build.0 = Release|Win32
		{4249FBF8-96F5-41B3-89D9-82EB02245DDC}.Debug|x64.ActiveCfg = Debug|x64
		{4249FBF8-96F5-41B3-89D9-82EB02245DDC}.Debug|x64.Build.0 = Debug|x64
		{4249FBF8-96F5-41B3-89D9-82EB02245DDC}.Debug|x86.ActiveCfg = Debug|Win32
		{4249FBF8-96F5-41B3-89D9-82EB02245DDC}.Debug|x86.Build.0 = Debug|Win32
		{4249FBF8-96F5-41B3-89D9-82EB02245DDC}.Release|x64.ActiveCfg = Release|x64
		{4249FBF8-96F5-41B3-89D9-82EB02245DDC}.Release|x64.Build.0 = Release|x64
		{4249FBF8-96F5-41B3-89D9-82EB02245DDC}.Release|x86.ActiveCfg = Release|Win32
		{4249FBF8-96F5-41B3-89D9-82EB02245DDC}.Release|x86.Build.0 = Release|Win32
		{8907EEF9-5B41-4B23-AC68-2A45920D7C47}.Debug|x64.ActiveCfg = Debug|x64
		{8907EEF9-5B41-4B23-AC68-2A45920D7C47}.Debug|x64.Build.0 = Debug|x64
		{8907EEF9-5B41-4B23-AC68-2A45920D7C47}.Debug|x86.ActiveCfg = Debug|Win32
		{8907EEF9-5B41-4B23-AC68-2A45920D7C47}.Debug|x86.Build.0 = Debug|Win32
		{8907EEF9-5B41-4B23-AC68-2A45920D7C47}.Release|x64.ActiveCfg = Release|x64
		{8907EEF9-5B41-4B23-AC68-2A45920D7C47}.Release|x64.Build.0 = Release|x64
		{8907EEF9-5B41-4B23-AC68-2A45920D7C47}.Release|x86.ActiveCfg = Release|Win32
		{8907EEF9-5B41-4B23-AC68-2A45920D7C47}.Release|x86.Build.0 = Release|Win32
		{99146944-8DDB-457B-9420-5F429D3E1C23}.Debug|x64.ActiveCfg = Debug|x64
		{99146944-8DDB-457B-9420-5F429D3E1C23}.Debug|x64.Build.0 = Debug|x64
		{99146944-8DDB-457B-9420-5F429D3E1C23}.Debug|x86.ActiveCfg = Debug|Win32
		{99146944-8DDB-457B-9420-5F429D3E1C23}.Debug|x86.Build.0 = Debug|Win32
		{99146944-8DDB-457B-9420-5F429D3E1C23}.Release|x64.ActiveCfg = Release|x64
		{99146944-8DDB-457B-9420-5F429D3E1C23}.Release|x64.Build.0 = Release|x64
		{99146944-8DDB-457B-9420-5F429D3E1C23}.Release|x86.ActiveCfg = Release|Win32
		{99146944-8DDB-457B-9420-5F429D3E1C23}.Release|x86.Build.0 = Release|Win32
		{A4E119B8-E630-4D33-8C1D-693B405FFCCE}.Debug|x64.ActiveCfg = Debug|x64
		{A4E119B8-E630-4D33-8C1D-693B405FFCCE}.Debug|x64.Build.0 = Debug|x64
		{A4E119B8-E630-4D33-8C1D-693B405FFCCE}.Debug|x86.ActiveCfg = Debug|Win32
		{A4E119B8-E630-4D33-8C1D-693B405FFCCE}.Debug|x86.Build.0 = Debug|Win32
		{A4E119B8-E630-4D33-8C1D-693B405FFCCE}.Release|x64.ActiveCfg = Release|x64
		{A4E119B8-E630-4D33-8C1D-693B405FFCCE}.Release|x64.Build.0 = Release|x64
		{A4E119B8-E630-4D33-8C1D-693B405FFCCE}.Release|x86.ActiveCfg = Release|Win32
		{A4E119B8-E630-4D33-8C1D-693B405FFCCE}.Release|x86.Build.0 = Release|Win32
		{575171CD-9662-406C-B52F-F83E84767522}.Debug|x64.ActiveCfg = Debug|x64
		{575171CD-9662-406C-B52F-F83E84767522}.Debug|x64.Build.0 = Debug|x64
		{575171CD-9662-406C-B52F-F83E84767522}.Debug|x86.ActiveCfg = Debug|Win32
		{575171CD-9662-406C-B52F-F83E84767522}.Debug|x86.Build.0 = Debug|Win32
		{575171CD-9662-406C-B52F-F83E84767522}.Release|x64.ActiveCfg = Release|x64
		{575171CD-9662-406C-B52F-F83E84767522}.Release|x64.Build.0 = Release|x64
		{575171CD-9662-406C-B52F-F83E84767522}.Release|x86.ActiveCfg = Release|Win32
		{575171CD-9662-406C-B52F-F83E84767522}.Release|x86.Build.0 = Release|Win32
		{46613188-74F1-4A7F-937E-095D299FAE68}.Debug|x64.ActiveCfg = Debug|x64
		{46613188-74F1-4A7F-937E-095D299FAE68}.Debug|x64.Build.0 = Debug|x64
		{46613188-74F1-4A7F-937E-095D299FAE68}.Debug|x86.ActiveCfg = Debug|Win32
		{46613188-74F1-4A7F-937E-095D299FAE68}.Debug|x86.Build.0 = Debug|Win32
		{46613188-74F1-4A7F-937E-095D299FAE68}.Release|x64.ActiveCfg = Release|x64
		{46613188-74F1-4A7F-937E-095D299FAE68}.Release|x64.Build.0 = Release|x64
		{46613188-74F1-4A7F-937E-095D299FAE68}.Release|x86.ActiveCfg = Release|Win32
		{46613188-74F1-4A7F-937E-095D299FAE68}.Release|x86.Build.0 = Release|Win32
		{9CE81F5B-4577-486C-B0D2-B1F5FEC617B5}.Debug|x64.ActiveCfg = Debug|x64
		{9CE81F5B-4577-486C-B0D2-B1F5FEC617B5}.Debug|x64.Build.0 = Debug|x64
		{9CE81F5B-4577-486C-B0D2-B1F5FEC617B5}.Debug|x86.ActiveCfg = Debug|Win32
		{9CE81F5B-4577-486C-B0D2-B1F5FEC617B5}.Debug|x86.Build.0 = Debug|Win32
		{9CE81F5B-4577-486C-B0D2-B1F5FEC617B5}.Release|x64.ActiveCfg = Release|x64
		{9CE81F5B-4577-486C-B0D2-B1F5FEC617B5}.Release|x64.Build.0 = Release|x64
		{9CE81F5B-4577-486C-B0D2-B1F5FEC617B5}.Release|x86.ActiveCfg = Release|Win32
		{9CE81F5B-4577-486C-B0D2-B1F5FEC617B5}.Release|x86.Build.0 = Release|Win32
	EndGlobalSection
	GlobalSection(SolutionProperties) = preSolution
		HideSolutionNode = FALSE
	EndGlobalSection
	GlobalSection(ExtensibilityGlobals) = postSolution
		SolutionGuid = {AAA0FD49-A64A-434C-8A59-680EE2F93C80}
	EndGlobalSection
EndGlobal
